version: 1.0
shards:
  admiral:
    github: jwaldrip/admiral.cr
    version: 1.7.3

  baked_file_system:
    github: schovi/baked_file_system
    version: 0.9.7

  crest:
    github: mamantoha/crest
    version: 0.14.0

  duktape:
    github: jessedoyle/duktape.cr
    version: 0.14.1

  exception_page:
    github: crystal-loot/exception_page
    version: 0.1.1

  faker:
    github: askn/faker
    commit: 4176ac1e5d6c1a788bdc48df4f8265dc18d977d8

  kemal:
    github: kemalcr/kemal
    version: 0.24.0

  kilt:
    github: jeromegn/kilt
    version: 0.4.0

  mint:
    github: mint-lang/mint
    commit: 66277c05eaeeb331c50ee0e7f84ee6df923dafee

  radix:
    github: luislavena/radix
    version: 0.3.8

  string_inflection:
    github: mosop/string_inflection
    version: 0.2.1

  time_format:
    github: vladfaust/time_format.cr
    version: 0.1.1

  tree_template:
    github: anykeyh/tree_template
    commit: 3fcb71ee6852040077dd1a2c8c55c67f4a95ba4e

