version: 1.0
shards:
  admiral:
    github: jwaldrip/admiral.cr
    version: 1.7.2

  baked_file_system:
    github: schovi/baked_file_system
    commit: e1447549d5ac0560720fae62179b2f2c62c9bfd1

  crest:
    github: mamantoha/crest
    version: 0.10.2

  duktape:
    github: jessedoyle/duktape.cr
    version: 0.14.1

  exception_page:
    github: crystal-loot/exception_page
    version: 0.1.1

  faker:
    github: askn/faker
    commit: 4176ac1e5d6c1a788bdc48df4f8265dc18d977d8

  kemal:
    github: kemalcr/kemal
    commit: b8ec6ee32866d97bef1b2a16770f02f2e1d90789

  kilt:
    github: jeromegn/kilt
    version: 0.4.0

  mint:
    github: mint-lang/mint
    commit: 351aa8062b998435177f83c867ebbdff2e9b44a8

  radix:
    github: luislavena/radix
    version: 0.3.8

  string_inflection:
    github: mosop/string_inflection
    version: 0.2.1

  time_format:
    github: vladfaust/time_format.cr
    version: 0.1.1

  tree_template:
    github: anykeyh/tree_template
    commit: 3fcb71ee6852040077dd1a2c8c55c67f4a95ba4e

