version: 1.0
shards:
  admiral:
    github: jwaldrip/admiral.cr
    version: 1.7.3

  baked_file_system:
    github: schovi/baked_file_system
    version: 0.9.7

  crest:
    github: mamantoha/crest
    version: 0.18.3

  dotenv:
    github: gdotdesign/cr-dotenv
    version: 0.2.0

  duktape:
    github: jessedoyle/duktape.cr
    version: 0.14.1

  exception_page:
    github: crystal-loot/exception_page
    version: 0.1.2

  faker:
    github: askn/faker
    commit: da14470383819d99bec6f618b05a116428165705

  kemal:
    github: kemalcr/kemal
    version: 0.25.1

  kilt:
    github: jeromegn/kilt
    version: 0.4.0

  mint:
    github: mint-lang/mint
    commit: 409915b9c1d80f85d770552ef5c3435cfc3a3b94

  radix:
    github: luislavena/radix
    version: 0.3.9

  string_inflection:
    github: mosop/string_inflection
    version: 0.2.1

  time_format:
    github: vladfaust/time_format.cr
    version: 0.1.1

  tree_template:
    github: anykeyh/tree_template
    commit: 3fcb71ee6852040077dd1a2c8c55c67f4a95ba4e

